<?xml version="1.0" encoding="utf-8"?>
<Project ToolsVersion="4.0" xmlns="http://schemas.microsoft.com/developer/msbuild/2003">
  <ItemGroup>
    <ClCompile Include="src\testApp.cpp">
      <Filter>src</Filter>
    </ClCompile>
    <ClCompile Include="src\RenderManager.cpp">
      <Filter>src\Render</Filter>
    </ClCompile>
    <ClCompile Include="src\StackAllocator.cpp">
      <Filter>src\StackAllocator</Filter>
    </ClCompile>
    <ClCompile Include="src\main.cpp" />
    <ClCompile Include="src\AssetManager.cpp">
      <Filter>src</Filter>
    </ClCompile>
  </ItemGroup>
  <ItemGroup>
    <Filter Include="src">
      <UniqueIdentifier>{d8376475-7454-4a24-b08a-aac121d3ad6f}</UniqueIdentifier>
    </Filter>
    <Filter Include="src\Render">
      <UniqueIdentifier>{0d45e979-3de1-4413-83fb-fbbbbec2cb7e}</UniqueIdentifier>
    </Filter>
    <Filter Include="src\StackAllocator">
      <UniqueIdentifier>{82b63fb6-eddb-4219-84bf-0c4d65e30b30}</UniqueIdentifier>
    </Filter>
  </ItemGroup>
  <ItemGroup>
    <ClInclude Include="src\testApp.h">
      <Filter>src</Filter>
    </ClInclude>
    <ClInclude Include="src\RenderManager.h">
      <Filter>src\Render</Filter>
    </ClInclude>
    <ClInclude Include="src\StackAllocator.h">
      <Filter>src\StackAllocator</Filter>
    </ClInclude>
    <ClInclude Include="src\AssetManager.h">
      <Filter>src</Filter>
    </ClInclude>
  </ItemGroup>
  <ItemGroup>
    <ResourceCompile Include="icon.rc" />
  </ItemGroup>
</Project>