<?xml version="1.0" encoding="utf-8"?>
<Project ToolsVersion="4.0" xmlns="http://schemas.microsoft.com/developer/msbuild/2003">
  <ItemGroup>
    <ClCompile Include="src\testApp.cpp">
      <Filter>src</Filter>
    </ClCompile>
    <ClCompile Include="src\main.cpp">
      <Filter>src</Filter>
    </ClCompile>
    <ClCompile Include="src\PrimitiveFigure.cpp">
      <Filter>src\Render</Filter>
    </ClCompile>
    <ClCompile Include="src\ReadWriteMemory.cpp">
      <Filter>src\ReadWrite</Filter>
    </ClCompile>
    <ClCompile Include="src\MemoryManager.cpp">
      <Filter>src\ReadWrite</Filter>
    </ClCompile>
    <ClCompile Include="src\RenderManager.cpp">
      <Filter>src\Render</Filter>
    </ClCompile>
  </ItemGroup>
  <ItemGroup>
    <Filter Include="src">
      <UniqueIdentifier>{d8376475-7454-4a24-b08a-aac121d3ad6f}</UniqueIdentifier>
    </Filter>
    <Filter Include="src\Render">
      <UniqueIdentifier>{0d45e979-3de1-4413-83fb-fbbbbec2cb7e}</UniqueIdentifier>
    </Filter>
    <Filter Include="src\ReadWrite">
      <UniqueIdentifier>{5f09fb20-fa6f-4e51-afd5-9bc2c01ceff9}</UniqueIdentifier>
    </Filter>
  </ItemGroup>
  <ItemGroup>
    <ClInclude Include="src\testApp.h">
      <Filter>src</Filter>
    </ClInclude>
    <ClInclude Include="src\PrimitiveFigure.h">
      <Filter>src\Render</Filter>
    </ClInclude>
    <ClInclude Include="src\ReadWriteMemory.h">
      <Filter>src\ReadWrite</Filter>
    </ClInclude>
    <ClInclude Include="src\MemoryManager.h">
      <Filter>src\ReadWrite</Filter>
    </ClInclude>
    <ClInclude Include="src\RenderManager.h">
      <Filter>src\Render</Filter>
    </ClInclude>
  </ItemGroup>
  <ItemGroup>
    <ResourceCompile Include="icon.rc" />
  </ItemGroup>
</Project>